
Microsoft Visual Studio Solution File, Format Version 12.00
# Visual Studio Version 16
VisualStudioVersion = 16.0.30907.101
MinimumVisualStudioVersion = 10.0.40219.1
Project("{8BC9CEB8-8B4A-11D0-8D11-00A0C91BC942}") = "GameEngine3D", "GameEngine3D\GameEngine3D.vcxproj", "{A6B5E0B0-630E-416F-8BAD-E85FA69B3190}"
	ProjectSection(ProjectDependencies) = postProject
		{6F553FB0-1409-4183-8763-C376BCBA57DF} = {6F553FB0-1409-4183-8763-C376BCBA57DF}
	EndProjectSection
EndProject
Project("{8BC9CEB8-8B4A-11D0-8D11-00A0C91BC942}") = "GameEngineBase", "GameEngineBase\GameEngineBase.vcxproj", "{6F553FB0-1409-4183-8763-C376BCBA57DF}"
EndProject
Project("{8BC9CEB8-8B4A-11D0-8D11-00A0C91BC942}") = "GameEngineGeometry", "GameEngineGeometry\GameEngineGeometry.vcxproj", "{F068D677-1151-47A6-BC61-84BAE07B0099}"
EndProject
Project("{8BC9CEB8-8B4A-11D0-8D11-00A0C91BC942}") = "GameEngineObject", "GameEngineObject\GameEngineObject.vcxproj", "{CE6F9C30-44F7-43FF-8BAA-5EE8F911F136}"
	ProjectSection(ProjectDependencies) = postProject
		{6F553FB0-1409-4183-8763-C376BCBA57DF} = {6F553FB0-1409-4183-8763-C376BCBA57DF}
	EndProjectSection
EndProject
Project("{8BC9CEB8-8B4A-11D0-8D11-00A0C91BC942}") = "GJH_DX", "GJH_DX\GJH_DX.vcxproj", "{15102F21-9003-4FFC-8243-60333A28D59F}"
	ProjectSection(ProjectDependencies) = postProject
		{CE6F9C30-44F7-43FF-8BAA-5EE8F911F136} = {CE6F9C30-44F7-43FF-8BAA-5EE8F911F136}
		{F068D677-1151-47A6-BC61-84BAE07B0099} = {F068D677-1151-47A6-BC61-84BAE07B0099}
		{DCF6A596-0C09-43B8-8C5D-377768D56519} = {DCF6A596-0C09-43B8-8C5D-377768D56519}
		{A6B5E0B0-630E-416F-8BAD-E85FA69B3190} = {A6B5E0B0-630E-416F-8BAD-E85FA69B3190}
		{EAB88BE6-FCC7-414A-8499-9D924C445B91} = {EAB88BE6-FCC7-414A-8499-9D924C445B91}
	EndProjectSection
EndProject
Project("{8BC9CEB8-8B4A-11D0-8D11-00A0C91BC942}") = "GameEngineClientBase", "GameEngineClientBase\GameEngineClientBase.vcxproj", "{EAB88BE6-FCC7-414A-8499-9D924C445B91}"
	ProjectSection(ProjectDependencies) = postProject
		{6F553FB0-1409-4183-8763-C376BCBA57DF} = {6F553FB0-1409-4183-8763-C376BCBA57DF}
	EndProjectSection
EndProject
Project("{8BC9CEB8-8B4A-11D0-8D11-00A0C91BC942}") = "ShaderProject", "ShaderProject\ShaderProject.vcxproj", "{00D8DDF8-6179-44F8-9688-C98063F10B73}"
EndProject
Project("{2150E333-8FDC-42A3-9474-1A3956D46DE8}") = "Deep0", "Deep0", "{9AF59038-6F70-4AFE-95C1-80D256134EAF}"
EndProject
Project("{2150E333-8FDC-42A3-9474-1A3956D46DE8}") = "Deep1", "Deep1", "{9BFB7432-6239-47ED-B6C7-56F43CBFAB88}"
EndProject
Project("{2150E333-8FDC-42A3-9474-1A3956D46DE8}") = "Deep2", "Deep2", "{C1AEF5B5-FA2B-46CA-BECC-FBFB3D406F49}"
EndProject
Project("{2150E333-8FDC-42A3-9474-1A3956D46DE8}") = "Deep3", "Deep3", "{651F5346-876D-44F1-AFB7-42A0014E0714}"
EndProject
Project("{8BC9CEB8-8B4A-11D0-8D11-00A0C91BC942}") = "ClientGameEngine", "ClientGameEngine\ClientGameEngine.vcxproj", "{DCF6A596-0C09-43B8-8C5D-377768D56519}"
EndProject
Project("{2150E333-8FDC-42A3-9474-1A3956D46DE8}") = "Other", "Other", "{3506D981-3922-45F3-9B26-6FF51D788457}"
EndProject
Project("{2150E333-8FDC-42A3-9474-1A3956D46DE8}") = "ThirdParty", "ThirdParty", "{414B4554-A000-480B-B4DC-C3870F3ED35F}"
EndProject
Project("{8BC9CEB8-8B4A-11D0-8D11-00A0C91BC942}") = "DirectXTex", "ThirdParty\DirectXTex-master\DirectXTex\DirectXTex_Desktop_2019.vcxproj", "{371B9FA9-4C90-4AC6-A123-ACED756D6C77}"
EndProject
Project("{8BC9CEB8-8B4A-11D0-8D11-00A0C91BC942}") = "FW1FontWrapper", "ThirdParty\FW1FontWrapper-master\FW1FontWrapper\FW1FontWrapper.vcxproj", "{9F62DB07-EA42-4388-82AB-E6FAA371F353}"
EndProject
Global
	GlobalSection(SolutionConfigurationPlatforms) = preSolution
		Debug|x64 = Debug|x64
		Debug|x86 = Debug|x86
		Profile|x64 = Profile|x64
		Profile|x86 = Profile|x86
		Release|x64 = Release|x64
		Release|x86 = Release|x86
	EndGlobalSection
	GlobalSection(ProjectConfigurationPlatforms) = postSolution
		{A6B5E0B0-630E-416F-8BAD-E85FA69B3190}.Debug|x64.ActiveCfg = Debug|x64
		{A6B5E0B0-630E-416F-8BAD-E85FA69B3190}.Debug|x64.Build.0 = Debug|x64
		{A6B5E0B0-630E-416F-8BAD-E85FA69B3190}.Debug|x86.ActiveCfg = Debug|Win32
		{A6B5E0B0-630E-416F-8BAD-E85FA69B3190}.Debug|x86.Build.0 = Debug|Win32
		{A6B5E0B0-630E-416F-8BAD-E85FA69B3190}.Profile|x64.ActiveCfg = Release|x64
		{A6B5E0B0-630E-416F-8BAD-E85FA69B3190}.Profile|x64.Build.0 = Release|x64
		{A6B5E0B0-630E-416F-8BAD-E85FA69B3190}.Profile|x86.ActiveCfg = Release|Win32
		{A6B5E0B0-630E-416F-8BAD-E85FA69B3190}.Profile|x86.Build.0 = Release|Win32
		{A6B5E0B0-630E-416F-8BAD-E85FA69B3190}.Release|x64.ActiveCfg = Release|x64
		{A6B5E0B0-630E-416F-8BAD-E85FA69B3190}.Release|x64.Build.0 = Release|x64
		{A6B5E0B0-630E-416F-8BAD-E85FA69B3190}.Release|x86.ActiveCfg = Release|Win32
		{A6B5E0B0-630E-416F-8BAD-E85FA69B3190}.Release|x86.Build.0 = Release|Win32
		{6F553FB0-1409-4183-8763-C376BCBA57DF}.Debug|x64.ActiveCfg = Debug|x64
		{6F553FB0-1409-4183-8763-C376BCBA57DF}.Debug|x64.Build.0 = Debug|x64
		{6F553FB0-1409-4183-8763-C376BCBA57DF}.Debug|x86.ActiveCfg = Debug|Win32
		{6F553FB0-1409-4183-8763-C376BCBA57DF}.Debug|x86.Build.0 = Debug|Win32
		{6F553FB0-1409-4183-8763-C376BCBA57DF}.Profile|x64.ActiveCfg = Release|x64
		{6F553FB0-1409-4183-8763-C376BCBA57DF}.Profile|x64.Build.0 = Release|x64
		{6F553FB0-1409-4183-8763-C376BCBA57DF}.Profile|x86.ActiveCfg = Release|Win32
		{6F553FB0-1409-4183-8763-C376BCBA57DF}.Profile|x86.Build.0 = Release|Win32
		{6F553FB0-1409-4183-8763-C376BCBA57DF}.Release|x64.ActiveCfg = Release|x64
		{6F553FB0-1409-4183-8763-C376BCBA57DF}.Release|x64.Build.0 = Release|x64
		{6F553FB0-1409-4183-8763-C376BCBA57DF}.Release|x86.ActiveCfg = Release|Win32
		{6F553FB0-1409-4183-8763-C376BCBA57DF}.Release|x86.Build.0 = Release|Win32
		{F068D677-1151-47A6-BC61-84BAE07B0099}.Debug|x64.ActiveCfg = Debug|x64
		{F068D677-1151-47A6-BC61-84BAE07B0099}.Debug|x64.Build.0 = Debug|x64
		{F068D677-1151-47A6-BC61-84BAE07B0099}.Debug|x86.ActiveCfg = Debug|Win32
		{F068D677-1151-47A6-BC61-84BAE07B0099}.Debug|x86.Build.0 = Debug|Win32
		{F068D677-1151-47A6-BC61-84BAE07B0099}.Profile|x64.ActiveCfg = Release|x64
		{F068D677-1151-47A6-BC61-84BAE07B0099}.Profile|x64.Build.0 = Release|x64
		{F068D677-1151-47A6-BC61-84BAE07B0099}.Profile|x86.ActiveCfg = Release|Win32
		{F068D677-1151-47A6-BC61-84BAE07B0099}.Profile|x86.Build.0 = Release|Win32
		{F068D677-1151-47A6-BC61-84BAE07B0099}.Release|x64.ActiveCfg = Release|x64
		{F068D677-1151-47A6-BC61-84BAE07B0099}.Release|x64.Build.0 = Release|x64
		{F068D677-1151-47A6-BC61-84BAE07B0099}.Release|x86.ActiveCfg = Release|Win32
		{F068D677-1151-47A6-BC61-84BAE07B0099}.Release|x86.Build.0 = Release|Win32
		{CE6F9C30-44F7-43FF-8BAA-5EE8F911F136}.Debug|x64.ActiveCfg = Debug|x64
		{CE6F9C30-44F7-43FF-8BAA-5EE8F911F136}.Debug|x64.Build.0 = Debug|x64
		{CE6F9C30-44F7-43FF-8BAA-5EE8F911F136}.Debug|x86.ActiveCfg = Debug|Win32
		{CE6F9C30-44F7-43FF-8BAA-5EE8F911F136}.Debug|x86.Build.0 = Debug|Win32
		{CE6F9C30-44F7-43FF-8BAA-5EE8F911F136}.Profile|x64.ActiveCfg = Release|x64
		{CE6F9C30-44F7-43FF-8BAA-5EE8F911F136}.Profile|x64.Build.0 = Release|x64
		{CE6F9C30-44F7-43FF-8BAA-5EE8F911F136}.Profile|x86.ActiveCfg = Release|Win32
		{CE6F9C30-44F7-43FF-8BAA-5EE8F911F136}.Profile|x86.Build.0 = Release|Win32
		{CE6F9C30-44F7-43FF-8BAA-5EE8F911F136}.Release|x64.ActiveCfg = Release|x64
		{CE6F9C30-44F7-43FF-8BAA-5EE8F911F136}.Release|x64.Build.0 = Release|x64
		{CE6F9C30-44F7-43FF-8BAA-5EE8F911F136}.Release|x86.ActiveCfg = Release|Win32
		{CE6F9C30-44F7-43FF-8BAA-5EE8F911F136}.Release|x86.Build.0 = Release|Win32
		{15102F21-9003-4FFC-8243-60333A28D59F}.Debug|x64.ActiveCfg = Debug|x64
		{15102F21-9003-4FFC-8243-60333A28D59F}.Debug|x64.Build.0 = Debug|x64
		{15102F21-9003-4FFC-8243-60333A28D59F}.Debug|x86.ActiveCfg = Debug|Win32
		{15102F21-9003-4FFC-8243-60333A28D59F}.Debug|x86.Build.0 = Debug|Win32
		{15102F21-9003-4FFC-8243-60333A28D59F}.Profile|x64.ActiveCfg = Release|x64
		{15102F21-9003-4FFC-8243-60333A28D59F}.Profile|x64.Build.0 = Release|x64
		{15102F21-9003-4FFC-8243-60333A28D59F}.Profile|x86.ActiveCfg = Release|Win32
		{15102F21-9003-4FFC-8243-60333A28D59F}.Profile|x86.Build.0 = Release|Win32
		{15102F21-9003-4FFC-8243-60333A28D59F}.Release|x64.ActiveCfg = Release|x64
		{15102F21-9003-4FFC-8243-60333A28D59F}.Release|x64.Build.0 = Release|x64
		{15102F21-9003-4FFC-8243-60333A28D59F}.Release|x86.ActiveCfg = Release|Win32
		{15102F21-9003-4FFC-8243-60333A28D59F}.Release|x86.Build.0 = Release|Win32
		{EAB88BE6-FCC7-414A-8499-9D924C445B91}.Debug|x64.ActiveCfg = Debug|x64
		{EAB88BE6-FCC7-414A-8499-9D924C445B91}.Debug|x64.Build.0 = Debug|x64
		{EAB88BE6-FCC7-414A-8499-9D924C445B91}.Debug|x86.ActiveCfg = Debug|Win32
		{EAB88BE6-FCC7-414A-8499-9D924C445B91}.Debug|x86.Build.0 = Debug|Win32
		{EAB88BE6-FCC7-414A-8499-9D924C445B91}.Profile|x64.ActiveCfg = Release|x64
		{EAB88BE6-FCC7-414A-8499-9D924C445B91}.Profile|x64.Build.0 = Release|x64
		{EAB88BE6-FCC7-414A-8499-9D924C445B91}.Profile|x86.ActiveCfg = Release|Win32
		{EAB88BE6-FCC7-414A-8499-9D924C445B91}.Profile|x86.Build.0 = Release|Win32
		{EAB88BE6-FCC7-414A-8499-9D924C445B91}.Release|x64.ActiveCfg = Release|x64
		{EAB88BE6-FCC7-414A-8499-9D924C445B91}.Release|x64.Build.0 = Release|x64
		{EAB88BE6-FCC7-414A-8499-9D924C445B91}.Release|x86.ActiveCfg = Release|Win32
		{EAB88BE6-FCC7-414A-8499-9D924C445B91}.Release|x86.Build.0 = Release|Win32
		{00D8DDF8-6179-44F8-9688-C98063F10B73}.Debug|x64.ActiveCfg = Debug|x64
		{00D8DDF8-6179-44F8-9688-C98063F10B73}.Debug|x86.ActiveCfg = Debug|Win32
		{00D8DDF8-6179-44F8-9688-C98063F10B73}.Debug|x86.Build.0 = Debug|Win32
		{00D8DDF8-6179-44F8-9688-C98063F10B73}.Profile|x64.ActiveCfg = Release|x64
		{00D8DDF8-6179-44F8-9688-C98063F10B73}.Profile|x86.ActiveCfg = Release|Win32
		{00D8DDF8-6179-44F8-9688-C98063F10B73}.Profile|x86.Build.0 = Release|Win32
		{00D8DDF8-6179-44F8-9688-C98063F10B73}.Release|x64.ActiveCfg = Release|x64
		{00D8DDF8-6179-44F8-9688-C98063F10B73}.Release|x86.ActiveCfg = Release|Win32
		{00D8DDF8-6179-44F8-9688-C98063F10B73}.Release|x86.Build.0 = Release|Win32
		{DCF6A596-0C09-43B8-8C5D-377768D56519}.Debug|x64.ActiveCfg = Debug|x64
		{DCF6A596-0C09-43B8-8C5D-377768D56519}.Debug|x64.Build.0 = Debug|x64
		{DCF6A596-0C09-43B8-8C5D-377768D56519}.Debug|x86.ActiveCfg = Debug|Win32
		{DCF6A596-0C09-43B8-8C5D-377768D56519}.Debug|x86.Build.0 = Debug|Win32
		{DCF6A596-0C09-43B8-8C5D-377768D56519}.Profile|x64.ActiveCfg = Release|x64
		{DCF6A596-0C09-43B8-8C5D-377768D56519}.Profile|x64.Build.0 = Release|x64
		{DCF6A596-0C09-43B8-8C5D-377768D56519}.Profile|x86.ActiveCfg = Release|Win32
		{DCF6A596-0C09-43B8-8C5D-377768D56519}.Profile|x86.Build.0 = Release|Win32
		{DCF6A596-0C09-43B8-8C5D-377768D56519}.Release|x64.ActiveCfg = Release|x64
		{DCF6A596-0C09-43B8-8C5D-377768D56519}.Release|x64.Build.0 = Release|x64
		{DCF6A596-0C09-43B8-8C5D-377768D56519}.Release|x86.ActiveCfg = Release|Win32
		{DCF6A596-0C09-43B8-8C5D-377768D56519}.Release|x86.Build.0 = Release|Win32
		{371B9FA9-4C90-4AC6-A123-ACED756D6C77}.Debug|x64.ActiveCfg = Debug|x64
		{371B9FA9-4C90-4AC6-A123-ACED756D6C77}.Debug|x64.Build.0 = Debug|x64
		{371B9FA9-4C90-4AC6-A123-ACED756D6C77}.Debug|x86.ActiveCfg = Debug|Win32
		{371B9FA9-4C90-4AC6-A123-ACED756D6C77}.Debug|x86.Build.0 = Debug|Win32
		{371B9FA9-4C90-4AC6-A123-ACED756D6C77}.Profile|x64.ActiveCfg = Profile|x64
		{371B9FA9-4C90-4AC6-A123-ACED756D6C77}.Profile|x64.Build.0 = Profile|x64
		{371B9FA9-4C90-4AC6-A123-ACED756D6C77}.Profile|x86.ActiveCfg = Profile|Win32
		{371B9FA9-4C90-4AC6-A123-ACED756D6C77}.Profile|x86.Build.0 = Profile|Win32
		{371B9FA9-4C90-4AC6-A123-ACED756D6C77}.Release|x64.ActiveCfg = Release|x64
		{371B9FA9-4C90-4AC6-A123-ACED756D6C77}.Release|x64.Build.0 = Release|x64
		{371B9FA9-4C90-4AC6-A123-ACED756D6C77}.Release|x86.ActiveCfg = Release|Win32
		{371B9FA9-4C90-4AC6-A123-ACED756D6C77}.Release|x86.Build.0 = Release|Win32
		{9F62DB07-EA42-4388-82AB-E6FAA371F353}.Debug|x64.ActiveCfg = Debug|x64
		{9F62DB07-EA42-4388-82AB-E6FAA371F353}.Debug|x64.Build.0 = Debug|x64
		{9F62DB07-EA42-4388-82AB-E6FAA371F353}.Debug|x86.ActiveCfg = Debug|Win32
		{9F62DB07-EA42-4388-82AB-E6FAA371F353}.Debug|x86.Build.0 = Debug|Win32
		{9F62DB07-EA42-4388-82AB-E6FAA371F353}.Profile|x64.ActiveCfg = Debug|x64
		{9F62DB07-EA42-4388-82AB-E6FAA371F353}.Profile|x64.Build.0 = Debug|x64
		{9F62DB07-EA42-4388-82AB-E6FAA371F353}.Profile|x86.ActiveCfg = Debug|Win32
		{9F62DB07-EA42-4388-82AB-E6FAA371F353}.Profile|x86.Build.0 = Debug|Win32
		{9F62DB07-EA42-4388-82AB-E6FAA371F353}.Release|x64.ActiveCfg = Release|x64
		{9F62DB07-EA42-4388-82AB-E6FAA371F353}.Release|x64.Build.0 = Release|x64
		{9F62DB07-EA42-4388-82AB-E6FAA371F353}.Release|x86.ActiveCfg = Release|Win32
		{9F62DB07-EA42-4388-82AB-E6FAA371F353}.Release|x86.Build.0 = Release|Win32
	EndGlobalSection
	GlobalSection(SolutionProperties) = preSolution
		HideSolutionNode = FALSE
	EndGlobalSection
	GlobalSection(NestedProjects) = preSolution
		{A6B5E0B0-630E-416F-8BAD-E85FA69B3190} = {9BFB7432-6239-47ED-B6C7-56F43CBFAB88}
		{6F553FB0-1409-4183-8763-C376BCBA57DF} = {9AF59038-6F70-4AFE-95C1-80D256134EAF}
		{F068D677-1151-47A6-BC61-84BAE07B0099} = {9BFB7432-6239-47ED-B6C7-56F43CBFAB88}
		{CE6F9C30-44F7-43FF-8BAA-5EE8F911F136} = {9BFB7432-6239-47ED-B6C7-56F43CBFAB88}
		{15102F21-9003-4FFC-8243-60333A28D59F} = {651F5346-876D-44F1-AFB7-42A0014E0714}
		{EAB88BE6-FCC7-414A-8499-9D924C445B91} = {9BFB7432-6239-47ED-B6C7-56F43CBFAB88}
		{00D8DDF8-6179-44F8-9688-C98063F10B73} = {3506D981-3922-45F3-9B26-6FF51D788457}
		{DCF6A596-0C09-43B8-8C5D-377768D56519} = {C1AEF5B5-FA2B-46CA-BECC-FBFB3D406F49}
		{371B9FA9-4C90-4AC6-A123-ACED756D6C77} = {414B4554-A000-480B-B4DC-C3870F3ED35F}
		{9F62DB07-EA42-4388-82AB-E6FAA371F353} = {414B4554-A000-480B-B4DC-C3870F3ED35F}
	EndGlobalSection
	GlobalSection(ExtensibilityGlobals) = postSolution
		SolutionGuid = {992406FC-8D41-4DDB-A640-85298C1ABCEF}
	EndGlobalSection
EndGlobal
